
Microsoft Visual Studio Solution File, Format Version 12.00
# Visual Studio 15
VisualStudioVersion = 15.0.27703.2042
MinimumVisualStudioVersion = 10.0.40219.1
Project("{FAE04EC0-301F-11D3-BF4B-00C04F79EFBC}") = "BarBuddy", "BarBuddy\BarBuddy.csproj", "{DBF163AA-2447-49A6-B427-8DE892994B4E}"
EndProject
Global
	GlobalSection(SolutionConfigurationPlatforms) = preSolution
		Debug|Any CPU = Debug|Any CPU
		Release|Any CPU = Release|Any CPU
	EndGlobalSection
	GlobalSection(ProjectConfigurationPlatforms) = postSolution
		{DBF163AA-2447-49A6-B427-8DE892994B4E}.Debug|Any CPU.ActiveCfg = Debug|Any CPU
		{DBF163AA-2447-49A6-B427-8DE892994B4E}.Debug|Any CPU.Build.0 = Debug|Any CPU
		{DBF163AA-2447-49A6-B427-8DE892994B4E}.Release|Any CPU.ActiveCfg = Release|Any CPU
		{DBF163AA-2447-49A6-B427-8DE892994B4E}.Release|Any CPU.Build.0 = Release|Any CPU
	EndGlobalSection
	GlobalSection(SolutionProperties) = preSolution
		HideSolutionNode = FALSE
	EndGlobalSection
	GlobalSection(ExtensibilityGlobals) = postSolution
		SolutionGuid = {834DC079-DEA2-4450-AB67-4FFF6A17126D}
	EndGlobalSection
EndGlobal
